
Microsoft Visual Studio Solution File, Format Version 12.00
# Visual Studio Version 17
VisualStudioVersion = 17.0.32014.148
MinimumVisualStudioVersion = 10.0.40219.1
Project("{FAE04EC0-301F-11D3-BF4B-00C04F79EFBC}") = "Inventory-Tracker", "Inventory-Tracker\Inventory-Tracker.csproj", "{F56C7A28-09BF-4F23-9912-A94433782C8B}"
EndProject
Global
	GlobalSection(SolutionConfigurationPlatforms) = preSolution
		Debug|Any CPU = Debug|Any CPU
		Release|Any CPU = Release|Any CPU
	EndGlobalSection
	GlobalSection(ProjectConfigurationPlatforms) = postSolution
		{F56C7A28-09BF-4F23-9912-A94433782C8B}.Debug|Any CPU.ActiveCfg = Debug|Any CPU
		{F56C7A28-09BF-4F23-9912-A94433782C8B}.Debug|Any CPU.Build.0 = Debug|Any CPU
		{F56C7A28-09BF-4F23-9912-A94433782C8B}.Release|Any CPU.ActiveCfg = Release|Any CPU
		{F56C7A28-09BF-4F23-9912-A94433782C8B}.Release|Any CPU.Build.0 = Release|Any CPU
	EndGlobalSection
	GlobalSection(SolutionProperties) = preSolution
		HideSolutionNode = FALSE
	EndGlobalSection
	GlobalSection(ExtensibilityGlobals) = postSolution
		SolutionGuid = {A163F98F-9221-425B-A9B1-AE1272CC0014}
	EndGlobalSection
EndGlobal
